
Microsoft Visual Studio Solution File, Format Version 12.00
# Visual Studio Version 16
VisualStudioVersion = 16.0.30011.22
MinimumVisualStudioVersion = 10.0.40219.1
Project("{9A19103F-16F7-4668-BE54-9A1E7A4F7556}") = "BlazorApp", "BlazorApp.csproj", "{0F2DC387-7FA8-4C9B-A30D-A3CD592703D9}"
EndProject
Global
	GlobalSection(SolutionConfigurationPlatforms) = preSolution
		Debug|Any CPU = Debug|Any CPU
		Release|Any CPU = Release|Any CPU
	EndGlobalSection
	GlobalSection(ProjectConfigurationPlatforms) = postSolution
		{0F2DC387-7FA8-4C9B-A30D-A3CD592703D9}.Debug|Any CPU.ActiveCfg = Debug|Any CPU
		{0F2DC387-7FA8-4C9B-A30D-A3CD592703D9}.Debug|Any CPU.Build.0 = Debug|Any CPU
		{0F2DC387-7FA8-4C9B-A30D-A3CD592703D9}.Release|Any CPU.ActiveCfg = Release|Any CPU
		{0F2DC387-7FA8-4C9B-A30D-A3CD592703D9}.Release|Any CPU.Build.0 = Release|Any CPU
	EndGlobalSection
	GlobalSection(SolutionProperties) = preSolution
		HideSolutionNode = FALSE
	EndGlobalSection
	GlobalSection(ExtensibilityGlobals) = postSolution
		SolutionGuid = {D70F54B9-E510-4535-B4F3-B45929D51043}
	EndGlobalSection
EndGlobal
